
Microsoft Visual Studio Solution File, Format Version 12.00
# Visual Studio Version 16
VisualStudioVersion = 16.0.31205.134
MinimumVisualStudioVersion = 10.0.40219.1
Project("{9A19103F-16F7-4668-BE54-9A1E7A4F7556}") = "Stock.API", "Stock.API\Stock.API.csproj", "{C3D92BCF-8836-4A55-B8C2-4BC4C03779FA}"
EndProject
Project("{9A19103F-16F7-4668-BE54-9A1E7A4F7556}") = "Stock.API.IntegrationTests", "Stock.API.IntegrationTests\Stock.API.IntegrationTests.csproj", "{3E7D9FC8-3D8B-4956-8E9A-C4BEEDF01E1E}"
EndProject
Project("{9A19103F-16F7-4668-BE54-9A1E7A4F7556}") = "Stock.Application", "Stock.Application\Stock.Application.csproj", "{23F2C4E8-5BC6-4818-96D3-6528840843EF}"
EndProject
Project("{2150E333-8FDC-42A3-9474-1A3956D46DE8}") = "Solution Items", "Solution Items", "{A604D1BF-B7DD-401F-9A25-7880A8D64DD1}"
	ProjectSection(SolutionItems) = preProject
		.editorconfig = .editorconfig
	EndProjectSection
EndProject
Project("{9A19103F-16F7-4668-BE54-9A1E7A4F7556}") = "Stock.Application.UnitTests", "Stock.Application.UnitTests\Stock.Application.UnitTests.csproj", "{2AF01E2E-DDDE-4FBA-BD14-CD0E2266D780}"
EndProject
Project("{FAE04EC0-301F-11D3-BF4B-00C04F79EFBC}") = "Stock.Infrastructure.Database.Abstractions", "Stock.Infrastructure.Database.Abstractions\Stock.Infrastructure.Database.Abstractions.csproj", "{44B727A0-9AD2-4DC2-8199-7D506E9AE81D}"
EndProject
Project("{FAE04EC0-301F-11D3-BF4B-00C04F79EFBC}") = "Stock.Domain", "Stock.Domain\Stock.Domain.csproj", "{5B24BED3-7C64-4DA6-927F-1DABE55AAC9F}"
EndProject
Global
	GlobalSection(SolutionConfigurationPlatforms) = preSolution
		Debug|Any CPU = Debug|Any CPU
		Release|Any CPU = Release|Any CPU
	EndGlobalSection
	GlobalSection(ProjectConfigurationPlatforms) = postSolution
		{C3D92BCF-8836-4A55-B8C2-4BC4C03779FA}.Debug|Any CPU.ActiveCfg = Debug|Any CPU
		{C3D92BCF-8836-4A55-B8C2-4BC4C03779FA}.Debug|Any CPU.Build.0 = Debug|Any CPU
		{C3D92BCF-8836-4A55-B8C2-4BC4C03779FA}.Release|Any CPU.ActiveCfg = Release|Any CPU
		{C3D92BCF-8836-4A55-B8C2-4BC4C03779FA}.Release|Any CPU.Build.0 = Release|Any CPU
		{3E7D9FC8-3D8B-4956-8E9A-C4BEEDF01E1E}.Debug|Any CPU.ActiveCfg = Debug|Any CPU
		{3E7D9FC8-3D8B-4956-8E9A-C4BEEDF01E1E}.Debug|Any CPU.Build.0 = Debug|Any CPU
		{3E7D9FC8-3D8B-4956-8E9A-C4BEEDF01E1E}.Release|Any CPU.ActiveCfg = Release|Any CPU
		{3E7D9FC8-3D8B-4956-8E9A-C4BEEDF01E1E}.Release|Any CPU.Build.0 = Release|Any CPU
		{23F2C4E8-5BC6-4818-96D3-6528840843EF}.Debug|Any CPU.ActiveCfg = Debug|Any CPU
		{23F2C4E8-5BC6-4818-96D3-6528840843EF}.Debug|Any CPU.Build.0 = Debug|Any CPU
		{23F2C4E8-5BC6-4818-96D3-6528840843EF}.Release|Any CPU.ActiveCfg = Release|Any CPU
		{23F2C4E8-5BC6-4818-96D3-6528840843EF}.Release|Any CPU.Build.0 = Release|Any CPU
		{2AF01E2E-DDDE-4FBA-BD14-CD0E2266D780}.Debug|Any CPU.ActiveCfg = Debug|Any CPU
		{2AF01E2E-DDDE-4FBA-BD14-CD0E2266D780}.Debug|Any CPU.Build.0 = Debug|Any CPU
		{2AF01E2E-DDDE-4FBA-BD14-CD0E2266D780}.Release|Any CPU.ActiveCfg = Release|Any CPU
		{2AF01E2E-DDDE-4FBA-BD14-CD0E2266D780}.Release|Any CPU.Build.0 = Release|Any CPU
		{44B727A0-9AD2-4DC2-8199-7D506E9AE81D}.Debug|Any CPU.ActiveCfg = Debug|Any CPU
		{44B727A0-9AD2-4DC2-8199-7D506E9AE81D}.Debug|Any CPU.Build.0 = Debug|Any CPU
		{44B727A0-9AD2-4DC2-8199-7D506E9AE81D}.Release|Any CPU.ActiveCfg = Release|Any CPU
		{44B727A0-9AD2-4DC2-8199-7D506E9AE81D}.Release|Any CPU.Build.0 = Release|Any CPU
		{5B24BED3-7C64-4DA6-927F-1DABE55AAC9F}.Debug|Any CPU.ActiveCfg = Debug|Any CPU
		{5B24BED3-7C64-4DA6-927F-1DABE55AAC9F}.Debug|Any CPU.Build.0 = Debug|Any CPU
		{5B24BED3-7C64-4DA6-927F-1DABE55AAC9F}.Release|Any CPU.ActiveCfg = Release|Any CPU
		{5B24BED3-7C64-4DA6-927F-1DABE55AAC9F}.Release|Any CPU.Build.0 = Release|Any CPU
	EndGlobalSection
	GlobalSection(SolutionProperties) = preSolution
		HideSolutionNode = FALSE
	EndGlobalSection
	GlobalSection(ExtensibilityGlobals) = postSolution
		SolutionGuid = {34FD3256-83B4-4F23-B4E1-EBE91DB0AA6E}
	EndGlobalSection
EndGlobal
