
Microsoft Visual Studio Solution File, Format Version 12.00
# Visual Studio Version 16
VisualStudioVersion = 16.0.31105.61
MinimumVisualStudioVersion = 10.0.40219.1
Project("{9A19103F-16F7-4668-BE54-9A1E7A4F7556}") = "Product.API", "Product.API\Product.API.csproj", "{2807A0B8-7D36-4EFE-86A9-A79131AB81F4}"
EndProject
Project("{9A19103F-16F7-4668-BE54-9A1E7A4F7556}") = "Product.Application", "Product.Application\Product.Application.csproj", "{7850B581-D946-4FBF-8F20-3D2C14D6E0A2}"
EndProject
Project("{9A19103F-16F7-4668-BE54-9A1E7A4F7556}") = "Product.Models", "Product.Models\Product.Models.csproj", "{CC42443B-E3EA-4838-8F8F-7877FC28A7F2}"
EndProject
Project("{2150E333-8FDC-42A3-9474-1A3956D46DE8}") = "Solution Items", "Solution Items", "{447C802D-3226-418E-957D-4DA7351948CD}"
	ProjectSection(SolutionItems) = preProject
		.editorconfig = .editorconfig
		README.md = README.md
	EndProjectSection
EndProject
Project("{9A19103F-16F7-4668-BE54-9A1E7A4F7556}") = "Product.Application.Command", "Product.Application.Command\Product.Application.Command.csproj", "{934AE778-E77E-4259-B7F0-21D50B760FB7}"
EndProject
Project("{9A19103F-16F7-4668-BE54-9A1E7A4F7556}") = "Product.Application.Event", "Product.Application.Event\Product.Application.Event.csproj", "{60570526-A80E-4F45-AE12-22880B69CFAB}"
EndProject
Project("{9A19103F-16F7-4668-BE54-9A1E7A4F7556}") = "Product.Application.Command.UnitTests", "Product.Application.Command.UnitTests\Product.Application.Command.UnitTests.csproj", "{B55329B8-5A1E-47D2-A4A9-2D07BDFA97FB}"
EndProject
Project("{9A19103F-16F7-4668-BE54-9A1E7A4F7556}") = "Product.Infrastructure.Database.Abstractions", "Product.Infrastructure.Database.Abstractions\Product.Infrastructure.Database.Abstractions.csproj", "{EEA72198-45C0-4D32-BFD0-E08E1964ED1A}"
EndProject
Project("{9A19103F-16F7-4668-BE54-9A1E7A4F7556}") = "Product.Infrastructure.Database.MongoDB", "Product.Infrastructure.Database.MongoDB\Product.Infrastructure.Database.MongoDB.csproj", "{31EF694C-7108-4BA6-8188-F2B8ACDFBFA6}"
EndProject
Project("{9A19103F-16F7-4668-BE54-9A1E7A4F7556}") = "Product.Application.Query", "Product.Application.Query\Product.Application.Query.csproj", "{98B809CA-CEF4-4FDE-A69B-179684771955}"
EndProject
Project("{9A19103F-16F7-4668-BE54-9A1E7A4F7556}") = "Product.Application.Query.UnitTests", "Product.Application.Query.UnitTests\Product.Application.Query.UnitTests.csproj", "{1173480F-E87F-4E44-A499-E2F4AB01F8FF}"
EndProject
Project("{9A19103F-16F7-4668-BE54-9A1E7A4F7556}") = "Product.Infrastructure.EventStore.Abstractions", "Product.Infrastructure.EventStore.Abstractions\Product.Infrastructure.EventStore.Abstractions.csproj", "{869D9BA3-97D3-4B88-8701-5A33E1CF53C7}"
EndProject
Global
	GlobalSection(SolutionConfigurationPlatforms) = preSolution
		Debug|Any CPU = Debug|Any CPU
		Release|Any CPU = Release|Any CPU
	EndGlobalSection
	GlobalSection(ProjectConfigurationPlatforms) = postSolution
		{2807A0B8-7D36-4EFE-86A9-A79131AB81F4}.Debug|Any CPU.ActiveCfg = Debug|Any CPU
		{2807A0B8-7D36-4EFE-86A9-A79131AB81F4}.Debug|Any CPU.Build.0 = Debug|Any CPU
		{2807A0B8-7D36-4EFE-86A9-A79131AB81F4}.Release|Any CPU.ActiveCfg = Release|Any CPU
		{2807A0B8-7D36-4EFE-86A9-A79131AB81F4}.Release|Any CPU.Build.0 = Release|Any CPU
		{7850B581-D946-4FBF-8F20-3D2C14D6E0A2}.Debug|Any CPU.ActiveCfg = Debug|Any CPU
		{7850B581-D946-4FBF-8F20-3D2C14D6E0A2}.Debug|Any CPU.Build.0 = Debug|Any CPU
		{7850B581-D946-4FBF-8F20-3D2C14D6E0A2}.Release|Any CPU.ActiveCfg = Release|Any CPU
		{7850B581-D946-4FBF-8F20-3D2C14D6E0A2}.Release|Any CPU.Build.0 = Release|Any CPU
		{CC42443B-E3EA-4838-8F8F-7877FC28A7F2}.Debug|Any CPU.ActiveCfg = Debug|Any CPU
		{CC42443B-E3EA-4838-8F8F-7877FC28A7F2}.Debug|Any CPU.Build.0 = Debug|Any CPU
		{CC42443B-E3EA-4838-8F8F-7877FC28A7F2}.Release|Any CPU.ActiveCfg = Release|Any CPU
		{CC42443B-E3EA-4838-8F8F-7877FC28A7F2}.Release|Any CPU.Build.0 = Release|Any CPU
		{934AE778-E77E-4259-B7F0-21D50B760FB7}.Debug|Any CPU.ActiveCfg = Debug|Any CPU
		{934AE778-E77E-4259-B7F0-21D50B760FB7}.Debug|Any CPU.Build.0 = Debug|Any CPU
		{934AE778-E77E-4259-B7F0-21D50B760FB7}.Release|Any CPU.ActiveCfg = Release|Any CPU
		{934AE778-E77E-4259-B7F0-21D50B760FB7}.Release|Any CPU.Build.0 = Release|Any CPU
		{60570526-A80E-4F45-AE12-22880B69CFAB}.Debug|Any CPU.ActiveCfg = Debug|Any CPU
		{60570526-A80E-4F45-AE12-22880B69CFAB}.Debug|Any CPU.Build.0 = Debug|Any CPU
		{60570526-A80E-4F45-AE12-22880B69CFAB}.Release|Any CPU.ActiveCfg = Release|Any CPU
		{60570526-A80E-4F45-AE12-22880B69CFAB}.Release|Any CPU.Build.0 = Release|Any CPU
		{B55329B8-5A1E-47D2-A4A9-2D07BDFA97FB}.Debug|Any CPU.ActiveCfg = Debug|Any CPU
		{B55329B8-5A1E-47D2-A4A9-2D07BDFA97FB}.Debug|Any CPU.Build.0 = Debug|Any CPU
		{B55329B8-5A1E-47D2-A4A9-2D07BDFA97FB}.Release|Any CPU.ActiveCfg = Release|Any CPU
		{B55329B8-5A1E-47D2-A4A9-2D07BDFA97FB}.Release|Any CPU.Build.0 = Release|Any CPU
		{EEA72198-45C0-4D32-BFD0-E08E1964ED1A}.Debug|Any CPU.ActiveCfg = Debug|Any CPU
		{EEA72198-45C0-4D32-BFD0-E08E1964ED1A}.Debug|Any CPU.Build.0 = Debug|Any CPU
		{EEA72198-45C0-4D32-BFD0-E08E1964ED1A}.Release|Any CPU.ActiveCfg = Release|Any CPU
		{EEA72198-45C0-4D32-BFD0-E08E1964ED1A}.Release|Any CPU.Build.0 = Release|Any CPU
		{31EF694C-7108-4BA6-8188-F2B8ACDFBFA6}.Debug|Any CPU.ActiveCfg = Debug|Any CPU
		{31EF694C-7108-4BA6-8188-F2B8ACDFBFA6}.Debug|Any CPU.Build.0 = Debug|Any CPU
		{31EF694C-7108-4BA6-8188-F2B8ACDFBFA6}.Release|Any CPU.ActiveCfg = Release|Any CPU
		{31EF694C-7108-4BA6-8188-F2B8ACDFBFA6}.Release|Any CPU.Build.0 = Release|Any CPU
		{98B809CA-CEF4-4FDE-A69B-179684771955}.Debug|Any CPU.ActiveCfg = Debug|Any CPU
		{98B809CA-CEF4-4FDE-A69B-179684771955}.Debug|Any CPU.Build.0 = Debug|Any CPU
		{98B809CA-CEF4-4FDE-A69B-179684771955}.Release|Any CPU.ActiveCfg = Release|Any CPU
		{98B809CA-CEF4-4FDE-A69B-179684771955}.Release|Any CPU.Build.0 = Release|Any CPU
		{1173480F-E87F-4E44-A499-E2F4AB01F8FF}.Debug|Any CPU.ActiveCfg = Debug|Any CPU
		{1173480F-E87F-4E44-A499-E2F4AB01F8FF}.Debug|Any CPU.Build.0 = Debug|Any CPU
		{1173480F-E87F-4E44-A499-E2F4AB01F8FF}.Release|Any CPU.ActiveCfg = Release|Any CPU
		{1173480F-E87F-4E44-A499-E2F4AB01F8FF}.Release|Any CPU.Build.0 = Release|Any CPU
		{869D9BA3-97D3-4B88-8701-5A33E1CF53C7}.Debug|Any CPU.ActiveCfg = Debug|Any CPU
		{869D9BA3-97D3-4B88-8701-5A33E1CF53C7}.Debug|Any CPU.Build.0 = Debug|Any CPU
		{869D9BA3-97D3-4B88-8701-5A33E1CF53C7}.Release|Any CPU.ActiveCfg = Release|Any CPU
		{869D9BA3-97D3-4B88-8701-5A33E1CF53C7}.Release|Any CPU.Build.0 = Release|Any CPU
	EndGlobalSection
	GlobalSection(SolutionProperties) = preSolution
		HideSolutionNode = FALSE
	EndGlobalSection
	GlobalSection(ExtensibilityGlobals) = postSolution
		SolutionGuid = {F566F913-5497-47EC-A8DC-5F11D1B1ACD8}
	EndGlobalSection
EndGlobal
